
Microsoft Visual Studio Solution File, Format Version 12.00
# Visual Studio Version 16
VisualStudioVersion = 16.0.30907.101
MinimumVisualStudioVersion = 10.0.40219.1
Project("{FAE04EC0-301F-11D3-BF4B-00C04F79EFBC}") = "SvgToRasterNugetTest", "SvgToRasterNugetTest.csproj", "{963EC608-BBAE-442F-89B3-3533684923C8}"
EndProject
Global
	GlobalSection(SolutionConfigurationPlatforms) = preSolution
		Debug|Any CPU = Debug|Any CPU
		Release|Any CPU = Release|Any CPU
	EndGlobalSection
	GlobalSection(ProjectConfigurationPlatforms) = postSolution
		{963EC608-BBAE-442F-89B3-3533684923C8}.Debug|Any CPU.ActiveCfg = Debug|Any CPU
		{963EC608-BBAE-442F-89B3-3533684923C8}.Debug|Any CPU.Build.0 = Debug|Any CPU
		{963EC608-BBAE-442F-89B3-3533684923C8}.Release|Any CPU.ActiveCfg = Release|Any CPU
		{963EC608-BBAE-442F-89B3-3533684923C8}.Release|Any CPU.Build.0 = Release|Any CPU
	EndGlobalSection
	GlobalSection(SolutionProperties) = preSolution
		HideSolutionNode = FALSE
	EndGlobalSection
	GlobalSection(ExtensibilityGlobals) = postSolution
		SolutionGuid = {9368DB0B-37E0-4B93-AB73-C0FCA7513B6E}
	EndGlobalSection
EndGlobal
